
Microsoft Visual Studio Solution File, Format Version 12.00
# Visual Studio Version 16
VisualStudioVersion = 16.6.30114.105
MinimumVisualStudioVersion = 10.0.40219.1
Project("{2150E333-8FDC-42A3-9474-1A3956D46DE8}") = "src", "src", "{F4FCB575-C056-44A4-9234-E7B676FA3D16}"
EndProject
Project("{FAE04EC0-301F-11D3-BF4B-00C04F79EFBC}") = "webapp", "src\webapp\webapp.csproj", "{FCBD1598-6B1A-4317-B8BF-55FE79AE0C9D}"
EndProject
Global
	GlobalSection(SolutionConfigurationPlatforms) = preSolution
		Debug|Any CPU = Debug|Any CPU
		Debug|x64 = Debug|x64
		Debug|x86 = Debug|x86
		Release|Any CPU = Release|Any CPU
		Release|x64 = Release|x64
		Release|x86 = Release|x86
	EndGlobalSection
	GlobalSection(SolutionProperties) = preSolution
		HideSolutionNode = FALSE
	EndGlobalSection
	GlobalSection(ProjectConfigurationPlatforms) = postSolution
		{FCBD1598-6B1A-4317-B8BF-55FE79AE0C9D}.Debug|Any CPU.ActiveCfg = Debug|Any CPU
		{FCBD1598-6B1A-4317-B8BF-55FE79AE0C9D}.Debug|Any CPU.Build.0 = Debug|Any CPU
		{FCBD1598-6B1A-4317-B8BF-55FE79AE0C9D}.Debug|x64.ActiveCfg = Debug|Any CPU
		{FCBD1598-6B1A-4317-B8BF-55FE79AE0C9D}.Debug|x64.Build.0 = Debug|Any CPU
		{FCBD1598-6B1A-4317-B8BF-55FE79AE0C9D}.Debug|x86.ActiveCfg = Debug|Any CPU
		{FCBD1598-6B1A-4317-B8BF-55FE79AE0C9D}.Debug|x86.Build.0 = Debug|Any CPU
		{FCBD1598-6B1A-4317-B8BF-55FE79AE0C9D}.Release|Any CPU.ActiveCfg = Release|Any CPU
		{FCBD1598-6B1A-4317-B8BF-55FE79AE0C9D}.Release|Any CPU.Build.0 = Release|Any CPU
		{FCBD1598-6B1A-4317-B8BF-55FE79AE0C9D}.Release|x64.ActiveCfg = Release|Any CPU
		{FCBD1598-6B1A-4317-B8BF-55FE79AE0C9D}.Release|x64.Build.0 = Release|Any CPU
		{FCBD1598-6B1A-4317-B8BF-55FE79AE0C9D}.Release|x86.ActiveCfg = Release|Any CPU
		{FCBD1598-6B1A-4317-B8BF-55FE79AE0C9D}.Release|x86.Build.0 = Release|Any CPU
	EndGlobalSection
	GlobalSection(NestedProjects) = preSolution
		{FCBD1598-6B1A-4317-B8BF-55FE79AE0C9D} = {F4FCB575-C056-44A4-9234-E7B676FA3D16}
	EndGlobalSection
EndGlobal
